
Microsoft Visual Studio Solution File, Format Version 12.00
# Visual Studio Version 17
VisualStudioVersion = 17.10.34916.146
MinimumVisualStudioVersion = 10.0.40219.1
Project("{9A19103F-16F7-4668-BE54-9A1E7A4F7556}") = "Netwise", "Netwise\Netwise.csproj", "{38E9767A-6186-4E81-A778-0D294A75FAE4}"
EndProject
Project("{9A19103F-16F7-4668-BE54-9A1E7A4F7556}") = "NetwiseTests", "NetwiseTests1\NetwiseTests.csproj", "{B98F64C8-994A-4E61-9AE2-86D249C3EDA5}"
EndProject
Global
	GlobalSection(SolutionConfigurationPlatforms) = preSolution
		Debug|Any CPU = Debug|Any CPU
		Release|Any CPU = Release|Any CPU
	EndGlobalSection
	GlobalSection(ProjectConfigurationPlatforms) = postSolution
		{38E9767A-6186-4E81-A778-0D294A75FAE4}.Debug|Any CPU.ActiveCfg = Debug|Any CPU
		{38E9767A-6186-4E81-A778-0D294A75FAE4}.Debug|Any CPU.Build.0 = Debug|Any CPU
		{38E9767A-6186-4E81-A778-0D294A75FAE4}.Release|Any CPU.ActiveCfg = Release|Any CPU
		{38E9767A-6186-4E81-A778-0D294A75FAE4}.Release|Any CPU.Build.0 = Release|Any CPU
		{B98F64C8-994A-4E61-9AE2-86D249C3EDA5}.Debug|Any CPU.ActiveCfg = Debug|Any CPU
		{B98F64C8-994A-4E61-9AE2-86D249C3EDA5}.Debug|Any CPU.Build.0 = Debug|Any CPU
		{B98F64C8-994A-4E61-9AE2-86D249C3EDA5}.Release|Any CPU.ActiveCfg = Release|Any CPU
		{B98F64C8-994A-4E61-9AE2-86D249C3EDA5}.Release|Any CPU.Build.0 = Release|Any CPU
	EndGlobalSection
	GlobalSection(SolutionProperties) = preSolution
		HideSolutionNode = FALSE
	EndGlobalSection
	GlobalSection(ExtensibilityGlobals) = postSolution
		SolutionGuid = {893C89F5-EDA0-42B7-ABC4-137BC7A848F4}
	EndGlobalSection
EndGlobal
